{
  "name": "lucid-cardano",
  "version": "0.10.7",
  "lockfileVersion": 3,
  "requires": true,
  "packages": {
    "": {
      "name": "lucid-cardano",
      "version": "0.10.7",
      "license": "MIT"
    },
    "node_modules/.deno/@types+node@18.16.19/node_modules/@types/node": {
      "version": "18.16.19",
      "extraneous": true,
      "license": "MIT"
    }
  }
}
